{
  "name": "Luddy-Challenge-2024",
  "lockfileVersion": 3,
  "requires": true,
  "packages": {
    "": {
      "name": "Luddy-Challenge-2024",
      "dependencies": {
        "encrypt-rsa": "^2.0.1"
      }
    },
    "node_modules/encrypt-rsa": {
      "version": "2.0.1",
      "resolved": "https://registry.npmjs.org/encrypt-rsa/-/encrypt-rsa-2.0.1.tgz",
      "integrity": "sha512-VUGLGeNAd+UfCUg2xkVvCrTu7q45GNJjJzUWtyAcFPJhsBc4FKmyo9QHw8AzAb+ETinEJvIfRzQW7oVizinWHg=="
    }
  }
}
